{
  "nodes": {
    "nixpkgs": {
      "locked": {
        "lastModified": 1696953417,
        "narHash": "sha256-En6f7Fq0L+8KevYdLkYbheOYBtFY8sx02+2R4JMhmFk=",
        "owner": "dpaetzel",
        "repo": "nixpkgs",
        "rev": "afe54f0eb631f72f35ee8c083c6774d881a9d727",
        "type": "github"
      },
      "original": {
        "owner": "dpaetzel",
        "ref": "dpaetzel/nixos-config",
        "repo": "nixpkgs",
        "type": "github"
      }
    },
    "root": {
      "inputs": {
        "nixpkgs": "nixpkgs"
      }
    }
  },
  "root": "root",
  "version": 7
}
